// !$*UTF8*$!
{
	archiveVersion = 1;
	classes = {
	};
	objectVersion = 56;
	objects = {

/* Begin PBXBuildFile section */
		C1AB666B2B346D67002FDEE3 /* AppDelegate.swift in Sources */ = {isa = PBXBuildFile; fileRef = C1AB666A2B346D67002FDEE3 /* AppDelegate.swift */; };
		C1AB666D2B346D67002FDEE3 /* GameScene.sks in Resources */ = {isa = PBXBuildFile; fileRef = C1AB666C2B346D67002FDEE3 /* GameScene.sks */; };
		C1AB666F2B346D67002FDEE3 /* Actions.sks in Resources */ = {isa = PBXBuildFile; fileRef = C1AB666E2B346D67002FDEE3 /* Actions.sks */; };
		C1AB66712B346D67002FDEE3 /* GameScene.swift in Sources */ = {isa = PBXBuildFile; fileRef = C1AB66702B346D67002FDEE3 /* GameScene.swift */; };
		C1AB66732B346D67002FDEE3 /* GameViewController.swift in Sources */ = {isa = PBXBuildFile; fileRef = C1AB66722B346D67002FDEE3 /* GameViewController.swift */; };
		C1AB66762B346D67002FDEE3 /* Main.storyboard in Resources */ = {isa = PBXBuildFile; fileRef = C1AB66742B346D67002FDEE3 /* Main.storyboard */; };
		C1AB66782B346D6A002FDEE3 /* Assets.xcassets in Resources */ = {isa = PBXBuildFile; fileRef = C1AB66772B346D6A002FDEE3 /* Assets.xcassets */; };
		C1AB667B2B346D6A002FDEE3 /* LaunchScreen.storyboard in Resources */ = {isa = PBXBuildFile; fileRef = C1AB66792B346D6A002FDEE3 /* LaunchScreen.storyboard */; };
		C1AB66852B346D6A002FDEE3 /* flood_itTests.swift in Sources */ = {isa = PBXBuildFile; fileRef = C1AB66842B346D6A002FDEE3 /* flood_itTests.swift */; };
		C1AB668F2B346D6A002FDEE3 /* flood_itUITests.swift in Sources */ = {isa = PBXBuildFile; fileRef = C1AB668E2B346D6A002FDEE3 /* flood_itUITests.swift */; };
		C1AB66912B346D6A002FDEE3 /* flood_itUITestsLaunchTests.swift in Sources */ = {isa = PBXBuildFile; fileRef = C1AB66902B346D6A002FDEE3 /* flood_itUITestsLaunchTests.swift */; };
/* End PBXBuildFile section */

/* Begin PBXContainerItemProxy section */
		C1AB66812B346D6A002FDEE3 /* PBXContainerItemProxy */ = {
			isa = PBXContainerItemProxy;
			containerPortal = C1AB665F2B346D67002FDEE3 /* Project object */;
			proxyType = 1;
			remoteGlobalIDString = C1AB66662B346D67002FDEE3;
			remoteInfo = "flood it";
		};
		C1AB668B2B346D6A002FDEE3 /* PBXContainerItemProxy */ = {
			isa = PBXContainerItemProxy;
			containerPortal = C1AB665F2B346D67002FDEE3 /* Project object */;
			proxyType = 1;
			remoteGlobalIDString = C1AB66662B346D67002FDEE3;
			remoteInfo = "flood it";
		};
/* End PBXContainerItemProxy section */

/* Begin PBXFileReference section */
		C1AB66672B346D67002FDEE3 /* flood it.app */ = {isa = PBXFileReference; explicitFileType = wrapper.application; includeInIndex = 0; path = "flood it.app"; sourceTree = BUILT_PRODUCTS_DIR; };
		C1AB666A2B346D67002FDEE3 /* AppDelegate.swift */ = {isa = PBXFileReference; lastKnownFileType = sourcecode.swift; path = AppDelegate.swift; sourceTree = "<group>"; };
		C1AB666C2B346D67002FDEE3 /* GameScene.sks */ = {isa = PBXFileReference; lastKnownFileType = file.sks; path = GameScene.sks; sourceTree = "<group>"; };
		C1AB666E2B346D67002FDEE3 /* Actions.sks */ = {isa = PBXFileReference; lastKnownFileType = file.sks; path = Actions.sks; sourceTree = "<group>"; };
		C1AB66702B346D67002FDEE3 /* GameScene.swift */ = {isa = PBXFileReference; lastKnownFileType = sourcecode.swift; path = GameScene.swift; sourceTree = "<group>"; };
		C1AB66722B346D67002FDEE3 /* GameViewController.swift */ = {isa = PBXFileReference; lastKnownFileType = sourcecode.swift; path = GameViewController.swift; sourceTree = "<group>"; };
		C1AB66752B346D67002FDEE3 /* Base */ = {isa = PBXFileReference; lastKnownFileType = file.storyboard; name = Base; path = Base.lproj/Main.storyboard; sourceTree = "<group>"; };
		C1AB66772B346D6A002FDEE3 /* Assets.xcassets */ = {isa = PBXFileReference; lastKnownFileType = folder.assetcatalog; path = Assets.xcassets; sourceTree = "<group>"; };
		C1AB667A2B346D6A002FDEE3 /* Base */ = {isa = PBXFileReference; lastKnownFileType = file.storyboard; name = Base; path = Base.lproj/LaunchScreen.storyboard; sourceTree = "<group>"; };
		C1AB66802B346D6A002FDEE3 /* flood itTests.xctest */ = {isa = PBXFileReference; explicitFileType = wrapper.cfbundle; includeInIndex = 0; path = "flood itTests.xctest"; sourceTree = BUILT_PRODUCTS_DIR; };
		C1AB66842B346D6A002FDEE3 /* flood_itTests.swift */ = {isa = PBXFileReference; lastKnownFileType = sourcecode.swift; path = flood_itTests.swift; sourceTree = "<group>"; };
		C1AB668A2B346D6A002FDEE3 /* flood itUITests.xctest */ = {isa = PBXFileReference; explicitFileType = wrapper.cfbundle; includeInIndex = 0; path = "flood itUITests.xctest"; sourceTree = BUILT_PRODUCTS_DIR; };
		C1AB668E2B346D6A002FDEE3 /* flood_itUITests.swift */ = {isa = PBXFileReference; lastKnownFileType = sourcecode.swift; path = flood_itUITests.swift; sourceTree = "<group>"; };
		C1AB66902B346D6A002FDEE3 /* flood_itUITestsLaunchTests.swift */ = {isa = PBXFileReference; lastKnownFileType = sourcecode.swift; path = flood_itUITestsLaunchTests.swift; sourceTree = "<group>"; };
/* End PBXFileReference section */

/* Begin PBXFrameworksBuildPhase section */
		C1AB66642B346D67002FDEE3 /* Frameworks */ = {
			isa = PBXFrameworksBuildPhase;
			buildActionMask = 2147483647;
			files = (
			);
			runOnlyForDeploymentPostprocessing = 0;
		};
		C1AB667D2B346D6A002FDEE3 /* Frameworks */ = {
			isa = PBXFrameworksBuildPhase;
			buildActionMask = 2147483647;
			files = (
			);
			runOnlyForDeploymentPostprocessing = 0;
		};
		C1AB66872B346D6A002FDEE3 /* Frameworks */ = {
			isa = PBXFrameworksBuildPhase;
			buildActionMask = 2147483647;
			files = (
			);
			runOnlyForDeploymentPostprocessing = 0;
		};
/* End PBXFrameworksBuildPhase section */

/* Begin PBXGroup section */
		C1AB665E2B346D67002FDEE3 = {
			isa = PBXGroup;
			children = (
				C1AB66692B346D67002FDEE3 /* flood it */,
				C1AB66832B346D6A002FDEE3 /* flood itTests */,
				C1AB668D2B346D6A002FDEE3 /* flood itUITests */,
				C1AB66682B346D67002FDEE3 /* Products */,
			);
			sourceTree = "<group>";
		};
		C1AB66682B346D67002FDEE3 /* Products */ = {
			isa = PBXGroup;
			children = (
				C1AB66672B346D67002FDEE3 /* flood it.app */,
				C1AB66802B346D6A002FDEE3 /* flood itTests.xctest */,
				C1AB668A2B346D6A002FDEE3 /* flood itUITests.xctest */,
			);
			name = Products;
			sourceTree = "<group>";
		};
		C1AB66692B346D67002FDEE3 /* flood it */ = {
			isa = PBXGroup;
			children = (
				C1AB666A2B346D67002FDEE3 /* AppDelegate.swift */,
				C1AB666C2B346D67002FDEE3 /* GameScene.sks */,
				C1AB666E2B346D67002FDEE3 /* Actions.sks */,
				C1AB66702B346D67002FDEE3 /* GameScene.swift */,
				C1AB66722B346D67002FDEE3 /* GameViewController.swift */,
				C1AB66742B346D67002FDEE3 /* Main.storyboard */,
				C1AB66772B346D6A002FDEE3 /* Assets.xcassets */,
				C1AB66792B346D6A002FDEE3 /* LaunchScreen.storyboard */,
			);
			path = "flood it";
			sourceTree = "<group>";
		};
		C1AB66832B346D6A002FDEE3 /* flood itTests */ = {
			isa = PBXGroup;
			children = (
				C1AB66842B346D6A002FDEE3 /* flood_itTests.swift */,
			);
			path = "flood itTests";
			sourceTree = "<group>";
		};
		C1AB668D2B346D6A002FDEE3 /* flood itUITests */ = {
			isa = PBXGroup;
			children = (
				C1AB668E2B346D6A002FDEE3 /* flood_itUITests.swift */,
				C1AB66902B346D6A002FDEE3 /* flood_itUITestsLaunchTests.swift */,
			);
			path = "flood itUITests";
			sourceTree = "<group>";
		};
/* End PBXGroup section */

/* Begin PBXNativeTarget section */
		C1AB66662B346D67002FDEE3 /* flood it */ = {
			isa = PBXNativeTarget;
			buildConfigurationList = C1AB66942B346D6A002FDEE3 /* Build configuration list for PBXNativeTarget "flood it" */;
			buildPhases = (
				C1AB66632B346D67002FDEE3 /* Sources */,
				C1AB66642B346D67002FDEE3 /* Frameworks */,
				C1AB66652B346D67002FDEE3 /* Resources */,
			);
			buildRules = (
			);
			dependencies = (
			);
			name = "flood it";
			productName = "flood it";
			productReference = C1AB66672B346D67002FDEE3 /* flood it.app */;
			productType = "com.apple.product-type.application";
		};
		C1AB667F2B346D6A002FDEE3 /* flood itTests */ = {
			isa = PBXNativeTarget;
			buildConfigurationList = C1AB66972B346D6A002FDEE3 /* Build configuration list for PBXNativeTarget "flood itTests" */;
			buildPhases = (
				C1AB667C2B346D6A002FDEE3 /* Sources */,
				C1AB667D2B346D6A002FDEE3 /* Frameworks */,
				C1AB667E2B346D6A002FDEE3 /* Resources */,
			);
			buildRules = (
			);
			dependencies = (
				C1AB66822B346D6A002FDEE3 /* PBXTargetDependency */,
			);
			name = "flood itTests";
			productName = "flood itTests";
			productReference = C1AB66802B346D6A002FDEE3 /* flood itTests.xctest */;
			productType = "com.apple.product-type.bundle.unit-test";
		};
		C1AB66892B346D6A002FDEE3 /* flood itUITests */ = {
			isa = PBXNativeTarget;
			buildConfigurationList = C1AB669A2B346D6A002FDEE3 /* Build configuration list for PBXNativeTarget "flood itUITests" */;
			buildPhases = (
				C1AB66862B346D6A002FDEE3 /* Sources */,
				C1AB66872B346D6A002FDEE3 /* Frameworks */,
				C1AB66882B346D6A002FDEE3 /* Resources */,
			);
			buildRules = (
			);
			dependencies = (
				C1AB668C2B346D6A002FDEE3 /* PBXTargetDependency */,
			);
			name = "flood itUITests";
			productName = "flood itUITests";
			productReference = C1AB668A2B346D6A002FDEE3 /* flood itUITests.xctest */;
			productType = "com.apple.product-type.bundle.ui-testing";
		};
/* End PBXNativeTarget section */

/* Begin PBXProject section */
		C1AB665F2B346D67002FDEE3 /* Project object */ = {
			isa = PBXProject;
			attributes = {
				BuildIndependentTargetsInParallel = 1;
				LastSwiftUpdateCheck = 1500;
				LastUpgradeCheck = 1500;
				TargetAttributes = {
					C1AB66662B346D67002FDEE3 = {
						CreatedOnToolsVersion = 15.0.1;
					};
					C1AB667F2B346D6A002FDEE3 = {
						CreatedOnToolsVersion = 15.0.1;
						TestTargetID = C1AB66662B346D67002FDEE3;
					};
					C1AB66892B346D6A002FDEE3 = {
						CreatedOnToolsVersion = 15.0.1;
						TestTargetID = C1AB66662B346D67002FDEE3;
					};
				};
			};
			buildConfigurationList = C1AB66622B346D67002FDEE3 /* Build configuration list for PBXProject "flood it" */;
			compatibilityVersion = "Xcode 14.0";
			developmentRegion = en;
			hasScannedForEncodings = 0;
			knownRegions = (
				en,
				Base,
			);
			mainGroup = C1AB665E2B346D67002FDEE3;
			productRefGroup = C1AB66682B346D67002FDEE3 /* Products */;
			projectDirPath = "";
			projectRoot = "";
			targets = (
				C1AB66662B346D67002FDEE3 /* flood it */,
				C1AB667F2B346D6A002FDEE3 /* flood itTests */,
				C1AB66892B346D6A002FDEE3 /* flood itUITests */,
			);
		};
/* End PBXProject section */

/* Begin PBXResourcesBuildPhase section */
		C1AB66652B346D67002FDEE3 /* Resources */ = {
			isa = PBXResourcesBuildPhase;
			buildActionMask = 2147483647;
			files = (
				C1AB66762B346D67002FDEE3 /* Main.storyboard in Resources */,
				C1AB666D2B346D67002FDEE3 /* GameScene.sks in Resources */,
				C1AB66782B346D6A002FDEE3 /* Assets.xcassets in Resources */,
				C1AB667B2B346D6A002FDEE3 /* LaunchScreen.storyboard in Resources */,
				C1AB666F2B346D67002FDEE3 /* Actions.sks in Resources */,
			);
			runOnlyForDeploymentPostprocessing = 0;
		};
		C1AB667E2B346D6A002FDEE3 /* Resources */ = {
			isa = PBXResourcesBuildPhase;
			buildActionMask = 2147483647;
			files = (
			);
			runOnlyForDeploymentPostprocessing = 0;
		};
		C1AB66882B346D6A002FDEE3 /* Resources */ = {
			isa = PBXResourcesBuildPhase;
			buildActionMask = 2147483647;
			files = (
			);
			runOnlyForDeploymentPostprocessing = 0;
		};
/* End PBXResourcesBuildPhase section */

/* Begin PBXSourcesBuildPhase section */
		C1AB66632B346D67002FDEE3 /* Sources */ = {
			isa = PBXSourcesBuildPhase;
			buildActionMask = 2147483647;
			files = (
				C1AB66712B346D67002FDEE3 /* GameScene.swift in Sources */,
				C1AB66732B346D67002FDEE3 /* GameViewController.swift in Sources */,
				C1AB666B2B346D67002FDEE3 /* AppDelegate.swift in Sources */,
			);
			runOnlyForDeploymentPostprocessing = 0;
		};
		C1AB667C2B346D6A002FDEE3 /* Sources */ = {
			isa = PBXSourcesBuildPhase;
			buildActionMask = 2147483647;
			files = (
				C1AB66852B346D6A002FDEE3 /* flood_itTests.swift in Sources */,
			);
			runOnlyForDeploymentPostprocessing = 0;
		};
		C1AB66862B346D6A002FDEE3 /* Sources */ = {
			isa = PBXSourcesBuildPhase;
			buildActionMask = 2147483647;
			files = (
				C1AB66912B346D6A002FDEE3 /* flood_itUITestsLaunchTests.swift in Sources */,
				C1AB668F2B346D6A002FDEE3 /* flood_itUITests.swift in Sources */,
			);
			runOnlyForDeploymentPostprocessing = 0;
		};
/* End PBXSourcesBuildPhase section */

/* Begin PBXTargetDependency section */
		C1AB66822B346D6A002FDEE3 /* PBXTargetDependency */ = {
			isa = PBXTargetDependency;
			target = C1AB66662B346D67002FDEE3 /* flood it */;
			targetProxy = C1AB66812B346D6A002FDEE3 /* PBXContainerItemProxy */;
		};
		C1AB668C2B346D6A002FDEE3 /* PBXTargetDependency */ = {
			isa = PBXTargetDependency;
			target = C1AB66662B346D67002FDEE3 /* flood it */;
			targetProxy = C1AB668B2B346D6A002FDEE3 /* PBXContainerItemProxy */;
		};
/* End PBXTargetDependency section */

/* Begin PBXVariantGroup section */
		C1AB66742B346D67002FDEE3 /* Main.storyboard */ = {
			isa = PBXVariantGroup;
			children = (
				C1AB66752B346D67002FDEE3 /* Base */,
			);
			name = Main.storyboard;
			sourceTree = "<group>";
		};
		C1AB66792B346D6A002FDEE3 /* LaunchScreen.storyboard */ = {
			isa = PBXVariantGroup;
			children = (
				C1AB667A2B346D6A002FDEE3 /* Base */,
			);
			name = LaunchScreen.storyboard;
			sourceTree = "<group>";
		};
/* End PBXVariantGroup section */

/* Begin XCBuildConfiguration section */
		C1AB66922B346D6A002FDEE3 /* Debug */ = {
			isa = XCBuildConfiguration;
			buildSettings = {
				ALWAYS_SEARCH_USER_PATHS = NO;
				ASSETCATALOG_COMPILER_GENERATE_SWIFT_ASSET_SYMBOL_EXTENSIONS = YES;
				CLANG_ANALYZER_NONNULL = YES;
				CLANG_ANALYZER_NUMBER_OBJECT_CONVERSION = YES_AGGRESSIVE;
				CLANG_CXX_LANGUAGE_STANDARD = "gnu++20";
				CLANG_ENABLE_MODULES = YES;
				CLANG_ENABLE_OBJC_ARC = YES;
				CLANG_ENABLE_OBJC_WEAK = YES;
				CLANG_WARN_BLOCK_CAPTURE_AUTORELEASING = YES;
				CLANG_WARN_BOOL_CONVERSION = YES;
				CLANG_WARN_COMMA = YES;
				CLANG_WARN_CONSTANT_CONVERSION = YES;
				CLANG_WARN_DEPRECATED_OBJC_IMPLEMENTATIONS = YES;
				CLANG_WARN_DIRECT_OBJC_ISA_USAGE = YES_ERROR;
				CLANG_WARN_DOCUMENTATION_COMMENTS = YES;
				CLANG_WARN_EMPTY_BODY = YES;
				CLANG_WARN_ENUM_CONVERSION = YES;
				CLANG_WARN_INFINITE_RECURSION = YES;
				CLANG_WARN_INT_CONVERSION = YES;
				CLANG_WARN_NON_LITERAL_NULL_CONVERSION = YES;
				CLANG_WARN_OBJC_IMPLICIT_RETAIN_SELF = YES;
				CLANG_WARN_OBJC_LITERAL_CONVERSION = YES;
				CLANG_WARN_OBJC_ROOT_CLASS = YES_ERROR;
				CLANG_WARN_QUOTED_INCLUDE_IN_FRAMEWORK_HEADER = YES;
				CLANG_WARN_RANGE_LOOP_ANALYSIS = YES;
				CLANG_WARN_STRICT_PROTOTYPES = YES;
				CLANG_WARN_SUSPICIOUS_MOVE = YES;
				CLANG_WARN_UNGUARDED_AVAILABILITY = YES_AGGRESSIVE;
				CLANG_WARN_UNREACHABLE_CODE = YES;
				CLANG_WARN__DUPLICATE_METHOD_MATCH = YES;
				COPY_PHASE_STRIP = NO;
				DEBUG_INFORMATION_FORMAT = dwarf;
				ENABLE_STRICT_OBJC_MSGSEND = YES;
				ENABLE_TESTABILITY = YES;
				ENABLE_USER_SCRIPT_SANDBOXING = YES;
				GCC_C_LANGUAGE_STANDARD = gnu17;
				GCC_DYNAMIC_NO_PIC = NO;
				GCC_NO_COMMON_BLOCKS = YES;
				GCC_OPTIMIZATION_LEVEL = 0;
				GCC_PREPROCESSOR_DEFINITIONS = (
					"DEBUG=1",
					"$(inherited)",
				);
				GCC_WARN_64_TO_32_BIT_CONVERSION = YES;
				GCC_WARN_ABOUT_RETURN_TYPE = YES_ERROR;
				GCC_WARN_UNDECLARED_SELECTOR = YES;
				GCC_WARN_UNINITIALIZED_AUTOS = YES_AGGRESSIVE;
				GCC_WARN_UNUSED_FUNCTION = YES;
				GCC_WARN_UNUSED_VARIABLE = YES;
				IPHONEOS_DEPLOYMENT_TARGET = 17.0;
				LOCALIZATION_PREFERS_STRING_CATALOGS = YES;
				MTL_ENABLE_DEBUG_INFO = INCLUDE_SOURCE;
				MTL_FAST_MATH = YES;
				ONLY_ACTIVE_ARCH = YES;
				SDKROOT = iphoneos;
				SWIFT_ACTIVE_COMPILATION_CONDITIONS = "DEBUG $(inherited)";
				SWIFT_OPTIMIZATION_LEVEL = "-Onone";
			};
			name = Debug;
		};
		C1AB66932B346D6A002FDEE3 /* Release */ = {
			isa = XCBuildConfiguration;
			buildSettings = {
				ALWAYS_SEARCH_USER_PATHS = NO;
				ASSETCATALOG_COMPILER_GENERATE_SWIFT_ASSET_SYMBOL_EXTENSIONS = YES;
				CLANG_ANALYZER_NONNULL = YES;
				CLANG_ANALYZER_NUMBER_OBJECT_CONVERSION = YES_AGGRESSIVE;
				CLANG_CXX_LANGUAGE_STANDARD = "gnu++20";
				CLANG_ENABLE_MODULES = YES;
				CLANG_ENABLE_OBJC_ARC = YES;
				CLANG_ENABLE_OBJC_WEAK = YES;
				CLANG_WARN_BLOCK_CAPTURE_AUTORELEASING = YES;
				CLANG_WARN_BOOL_CONVERSION = YES;
				CLANG_WARN_COMMA = YES;
				CLANG_WARN_CONSTANT_CONVERSION = YES;
				CLANG_WARN_DEPRECATED_OBJC_IMPLEMENTATIONS = YES;
				CLANG_WARN_DIRECT_OBJC_ISA_USAGE = YES_ERROR;
				CLANG_WARN_DOCUMENTATION_COMMENTS = YES;
				CLANG_WARN_EMPTY_BODY = YES;
				CLANG_WARN_ENUM_CONVERSION = YES;
				CLANG_WARN_INFINITE_RECURSION = YES;
				CLANG_WARN_INT_CONVERSION = YES;
				CLANG_WARN_NON_LITERAL_NULL_CONVERSION = YES;
				CLANG_WARN_OBJC_IMPLICIT_RETAIN_SELF = YES;
				CLANG_WARN_OBJC_LITERAL_CONVERSION = YES;
				CLANG_WARN_OBJC_ROOT_CLASS = YES_ERROR;
				CLANG_WARN_QUOTED_INCLUDE_IN_FRAMEWORK_HEADER = YES;
				CLANG_WARN_RANGE_LOOP_ANALYSIS = YES;
				CLANG_WARN_STRICT_PROTOTYPES = YES;
				CLANG_WARN_SUSPICIOUS_MOVE = YES;
				CLANG_WARN_UNGUARDED_AVAILABILITY = YES_AGGRESSIVE;
				CLANG_WARN_UNREACHABLE_CODE = YES;
				CLANG_WARN__DUPLICATE_METHOD_MATCH = YES;
				COPY_PHASE_STRIP = NO;
				DEBUG_INFORMATION_FORMAT = "dwarf-with-dsym";
				ENABLE_NS_ASSERTIONS = NO;
				ENABLE_STRICT_OBJC_MSGSEND = YES;
				ENABLE_USER_SCRIPT_SANDBOXING = YES;
				GCC_C_LANGUAGE_STANDARD = gnu17;
				GCC_NO_COMMON_BLOCKS = YES;
				GCC_WARN_64_TO_32_BIT_CONVERSION = YES;
				GCC_WARN_ABOUT_RETURN_TYPE = YES_ERROR;
				GCC_WARN_UNDECLARED_SELECTOR = YES;
				GCC_WARN_UNINITIALIZED_AUTOS = YES_AGGRESSIVE;
				GCC_WARN_UNUSED_FUNCTION = YES;
				GCC_WARN_UNUSED_VARIABLE = YES;
				IPHONEOS_DEPLOYMENT_TARGET = 17.0;
				LOCALIZATION_PREFERS_STRING_CATALOGS = YES;
				MTL_ENABLE_DEBUG_INFO = NO;
				MTL_FAST_MATH = YES;
				SDKROOT = iphoneos;
				SWIFT_COMPILATION_MODE = wholemodule;
				VALIDATE_PRODUCT = YES;
			};
			name = Release;
		};
		C1AB66952B346D6A002FDEE3 /* Debug */ = {
			isa = XCBuildConfiguration;
			buildSettings = {
				ASSETCATALOG_COMPILER_APPICON_NAME = AppIcon;
				ASSETCATALOG_COMPILER_GLOBAL_ACCENT_COLOR_NAME = AccentColor;
				CODE_SIGN_STYLE = Automatic;
				CURRENT_PROJECT_VERSION = 1;
				GENERATE_INFOPLIST_FILE = YES;
				INFOPLIST_KEY_UIApplicationSupportsIndirectInputEvents = YES;
				INFOPLIST_KEY_UILaunchStoryboardName = LaunchScreen;
				INFOPLIST_KEY_UIMainStoryboardFile = Main;
				INFOPLIST_KEY_UIStatusBarHidden = YES;
				INFOPLIST_KEY_UISupportedInterfaceOrientations_iPad = "UIInterfaceOrientationPortrait UIInterfaceOrientationPortraitUpsideDown UIInterfaceOrientationLandscapeLeft UIInterfaceOrientationLandscapeRight";
				INFOPLIST_KEY_UISupportedInterfaceOrientations_iPhone = "UIInterfaceOrientationPortrait UIInterfaceOrientationLandscapeLeft UIInterfaceOrientationLandscapeRight";
				LD_RUNPATH_SEARCH_PATHS = (
					"$(inherited)",
					"@executable_path/Frameworks",
				);
				MARKETING_VERSION = 1.0;
				PRODUCT_BUNDLE_IDENTIFIER = "ttakin.flood-it";
				PRODUCT_NAME = "$(TARGET_NAME)";
				SWIFT_EMIT_LOC_STRINGS = YES;
				SWIFT_VERSION = 5.0;
				TARGETED_DEVICE_FAMILY = "1,2";
			};
			name = Debug;
		};
		C1AB66962B346D6A002FDEE3 /* Release */ = {
			isa = XCBuildConfiguration;
			buildSettings = {
				ASSETCATALOG_COMPILER_APPICON_NAME = AppIcon;
				ASSETCATALOG_COMPILER_GLOBAL_ACCENT_COLOR_NAME = AccentColor;
				CODE_SIGN_STYLE = Automatic;
				CURRENT_PROJECT_VERSION = 1;
				GENERATE_INFOPLIST_FILE = YES;
				INFOPLIST_KEY_UIApplicationSupportsIndirectInputEvents = YES;
				INFOPLIST_KEY_UILaunchStoryboardName = LaunchScreen;
				INFOPLIST_KEY_UIMainStoryboardFile = Main;
				INFOPLIST_KEY_UIStatusBarHidden = YES;
				INFOPLIST_KEY_UISupportedInterfaceOrientations_iPad = "UIInterfaceOrientationPortrait UIInterfaceOrientationPortraitUpsideDown UIInterfaceOrientationLandscapeLeft UIInterfaceOrientationLandscapeRight";
				INFOPLIST_KEY_UISupportedInterfaceOrientations_iPhone = "UIInterfaceOrientationPortrait UIInterfaceOrientationLandscapeLeft UIInterfaceOrientationLandscapeRight";
				LD_RUNPATH_SEARCH_PATHS = (
					"$(inherited)",
					"@executable_path/Frameworks",
				);
				MARKETING_VERSION = 1.0;
				PRODUCT_BUNDLE_IDENTIFIER = "ttakin.flood-it";
				PRODUCT_NAME = "$(TARGET_NAME)";
				SWIFT_EMIT_LOC_STRINGS = YES;
				SWIFT_VERSION = 5.0;
				TARGETED_DEVICE_FAMILY = "1,2";
			};
			name = Release;
		};
		C1AB66982B346D6A002FDEE3 /* Debug */ = {
			isa = XCBuildConfiguration;
			buildSettings = {
				ALWAYS_EMBED_SWIFT_STANDARD_LIBRARIES = YES;
				BUNDLE_LOADER = "$(TEST_HOST)";
				CODE_SIGN_STYLE = Automatic;
				CURRENT_PROJECT_VERSION = 1;
				GENERATE_INFOPLIST_FILE = YES;
				IPHONEOS_DEPLOYMENT_TARGET = 17.0;
				MARKETING_VERSION = 1.0;
				PRODUCT_BUNDLE_IDENTIFIER = "ttakin.flood-itTests";
				PRODUCT_NAME = "$(TARGET_NAME)";
				SWIFT_EMIT_LOC_STRINGS = NO;
				SWIFT_VERSION = 5.0;
				TARGETED_DEVICE_FAMILY = "1,2";
				TEST_HOST = "$(BUILT_PRODUCTS_DIR)/flood it.app/$(BUNDLE_EXECUTABLE_FOLDER_PATH)/flood it";
			};
			name = Debug;
		};
		C1AB66992B346D6A002FDEE3 /* Release */ = {
			isa = XCBuildConfiguration;
			buildSettings = {
				ALWAYS_EMBED_SWIFT_STANDARD_LIBRARIES = YES;
				BUNDLE_LOADER = "$(TEST_HOST)";
				CODE_SIGN_STYLE = Automatic;
				CURRENT_PROJECT_VERSION = 1;
				GENERATE_INFOPLIST_FILE = YES;
				IPHONEOS_DEPLOYMENT_TARGET = 17.0;
				MARKETING_VERSION = 1.0;
				PRODUCT_BUNDLE_IDENTIFIER = "ttakin.flood-itTests";
				PRODUCT_NAME = "$(TARGET_NAME)";
				SWIFT_EMIT_LOC_STRINGS = NO;
				SWIFT_VERSION = 5.0;
				TARGETED_DEVICE_FAMILY = "1,2";
				TEST_HOST = "$(BUILT_PRODUCTS_DIR)/flood it.app/$(BUNDLE_EXECUTABLE_FOLDER_PATH)/flood it";
			};
			name = Release;
		};
		C1AB669B2B346D6A002FDEE3 /* Debug */ = {
			isa = XCBuildConfiguration;
			buildSettings = {
				ALWAYS_EMBED_SWIFT_STANDARD_LIBRARIES = YES;
				CODE_SIGN_STYLE = Automatic;
				CURRENT_PROJECT_VERSION = 1;
				GENERATE_INFOPLIST_FILE = YES;
				MARKETING_VERSION = 1.0;
				PRODUCT_BUNDLE_IDENTIFIER = "ttakin.flood-itUITests";
				PRODUCT_NAME = "$(TARGET_NAME)";
				SWIFT_EMIT_LOC_STRINGS = NO;
				SWIFT_VERSION = 5.0;
				TARGETED_DEVICE_FAMILY = "1,2";
				TEST_TARGET_NAME = "flood it";
			};
			name = Debug;
		};
		C1AB669C2B346D6A002FDEE3 /* Release */ = {
			isa = XCBuildConfiguration;
			buildSettings = {
				ALWAYS_EMBED_SWIFT_STANDARD_LIBRARIES = YES;
				CODE_SIGN_STYLE = Automatic;
				CURRENT_PROJECT_VERSION = 1;
				GENERATE_INFOPLIST_FILE = YES;
				MARKETING_VERSION = 1.0;
				PRODUCT_BUNDLE_IDENTIFIER = "ttakin.flood-itUITests";
				PRODUCT_NAME = "$(TARGET_NAME)";
				SWIFT_EMIT_LOC_STRINGS = NO;
				SWIFT_VERSION = 5.0;
				TARGETED_DEVICE_FAMILY = "1,2";
				TEST_TARGET_NAME = "flood it";
			};
			name = Release;
		};
/* End XCBuildConfiguration section */

/* Begin XCConfigurationList section */
		C1AB66622B346D67002FDEE3 /* Build configuration list for PBXProject "flood it" */ = {
			isa = XCConfigurationList;
			buildConfigurations = (
				C1AB66922B346D6A002FDEE3 /* Debug */,
				C1AB66932B346D6A002FDEE3 /* Release */,
			);
			defaultConfigurationIsVisible = 0;
			defaultConfigurationName = Release;
		};
		C1AB66942B346D6A002FDEE3 /* Build configuration list for PBXNativeTarget "flood it" */ = {
			isa = XCConfigurationList;
			buildConfigurations = (
				C1AB66952B346D6A002FDEE3 /* Debug */,
				C1AB66962B346D6A002FDEE3 /* Release */,
			);
			defaultConfigurationIsVisible = 0;
			defaultConfigurationName = Release;
		};
		C1AB66972B346D6A002FDEE3 /* Build configuration list for PBXNativeTarget "flood itTests" */ = {
			isa = XCConfigurationList;
			buildConfigurations = (
				C1AB66982B346D6A002FDEE3 /* Debug */,
				C1AB66992B346D6A002FDEE3 /* Release */,
			);
			defaultConfigurationIsVisible = 0;
			defaultConfigurationName = Release;
		};
		C1AB669A2B346D6A002FDEE3 /* Build configuration list for PBXNativeTarget "flood itUITests" */ = {
			isa = XCConfigurationList;
			buildConfigurations = (
				C1AB669B2B346D6A002FDEE3 /* Debug */,
				C1AB669C2B346D6A002FDEE3 /* Release */,
			);
			defaultConfigurationIsVisible = 0;
			defaultConfigurationName = Release;
		};
/* End XCConfigurationList section */
	};
	rootObject = C1AB665F2B346D67002FDEE3 /* Project object */;
}
